{
  "requires": true,
  "lockfileVersion": 1,
  "dependencies": {
    "dateformat": {
      "version": "3.0.3",
      "resolved": "https://registry.npmjs.org/dateformat/-/dateformat-3.0.3.tgz",
      "integrity": "sha512-jyCETtSl3VMZMWeRo7iY1FL19ges1t55hMo5yaam4Jrsm5EPL89UQkoQRyiI+Yf4k8r2ZpdngkV8hr1lIdjb3Q=="
    },
    "ng2-redux": {
      "version": "5.1.2",
      "resolved": "https://registry.npmjs.org/ng2-redux/-/ng2-redux-5.1.2.tgz",
      "integrity": "sha1-2ya1g/twzRFtQfglRxJSpnEcxXI="
    }
  }
}
